<?xml version="1.0" encoding="utf-8"?>
<Project ToolsVersion="4.0" xmlns="http://schemas.microsoft.com/developer/msbuild/2003">
  <ItemGroup>
    <Filter Include="Headers">
      <UniqueIdentifier>{b2002503-a76c-42e3-88d0-b7a91638f543}</UniqueIdentifier>
    </Filter>
    <Filter Include="Sources">
      <UniqueIdentifier>{52bf325a-99a6-4071-8c04-79a78f2c6eb5}</UniqueIdentifier>
    </Filter>
  </ItemGroup>
  <ItemGroup>
    <ClCompile Include="..\..\src\systemoc\cpp\DebugOStream.cpp">
      <Filter>Sources</Filter>
    </ClCompile>
    <ClCompile Include="..\..\src\systemoc\cpp\GraphBase.cpp">
      <Filter>Sources</Filter>
    </ClCompile>
    <ClCompile Include="..\..\src\systemoc\cpp\IdPool.cpp">
      <Filter>Sources</Filter>
    </ClCompile>
    <ClCompile Include="..\..\src\systemoc\cpp\IOPattern.cpp">
      <Filter>Sources</Filter>
    </ClCompile>
    <ClCompile Include="..\..\src\systemoc\cpp\LatencyQueue.cpp">
      <Filter>Sources</Filter>
    </ClCompile>
    <ClCompile Include="..\..\src\systemoc\cpp\SimulationContext.cpp">
      <Filter>Sources</Filter>
    </ClCompile>
    <ClCompile Include="..\..\src\systemoc\cpp\smoc_actor.cpp">
      <Filter>Sources</Filter>
    </ClCompile>
    <ClCompile Include="..\..\src\systemoc\cpp\smoc_chan_if.cpp">
      <Filter>Sources</Filter>
    </ClCompile>
    <ClCompile Include="..\..\src\systemoc\cpp\smoc_elab_and_sim.cpp">
      <Filter>Sources</Filter>
    </ClCompile>
    <ClCompile Include="..\..\src\systemoc\cpp\smoc_expr.cpp">
      <Filter>Sources</Filter>
    </ClCompile>
    <ClCompile Include="..\..\src\systemoc\cpp\smoc_fifo.cpp">
      <Filter>Sources</Filter>
    </ClCompile>
    <ClCompile Include="..\..\src\systemoc\cpp\smoc_firing_rules.cpp">
      <Filter>Sources</Filter>
    </ClCompile>
    <ClCompile Include="..\..\src\systemoc\cpp\smoc_func_call.cpp">
      <Filter>Sources</Filter>
    </ClCompile>
    <ClCompile Include="..\..\src\systemoc\cpp\smoc_graph.cpp">
      <Filter>Sources</Filter>
    </ClCompile>
    <ClCompile Include="..\..\src\systemoc\cpp\smoc_graph_tt.cpp">
      <Filter>Sources</Filter>
    </ClCompile>
    <ClCompile Include="..\..\src\systemoc\cpp\smoc_hooking.cpp">
      <Filter>Sources</Filter>
    </ClCompile>
    <ClCompile Include="..\..\src\systemoc\cpp\smoc_main.cpp">
      <Filter>Sources</Filter>
    </ClCompile>
    <ClCompile Include="..\..\src\systemoc\cpp\smoc_multicast_sr_signal.cpp">
      <Filter>Sources</Filter>
    </ClCompile>
    <ClCompile Include="..\..\src\systemoc\cpp\smoc_multiplex_fifo.cpp">
      <Filter>Sources</Filter>
    </ClCompile>
    <ClCompile Include="..\..\src\systemoc\cpp\smoc_multireader_fifo.cpp">
      <Filter>Sources</Filter>
    </ClCompile>
    <ClCompile Include="..\..\src\systemoc\cpp\smoc_reset.cpp">
      <Filter>Sources</Filter>
    </ClCompile>
    <ClCompile Include="..\..\src\systemoc\cpp\smoc_root_chan.cpp">
      <Filter>Sources</Filter>
    </ClCompile>
    <ClCompile Include="..\..\src\systemoc\cpp\smoc_root_node.cpp">
      <Filter>Sources</Filter>
    </ClCompile>
    <ClCompile Include="..\..\src\systemoc\cpp\smoc_scheduler_top.cpp">
      <Filter>Sources</Filter>
    </ClCompile>
    <ClCompile Include="..\..\src\systemoc\cpp\smoc_sysc_port.cpp">
      <Filter>Sources</Filter>
    </ClCompile>
    <ClCompile Include="..\..\src\systemoc\cpp\SMXDumper.cpp">
      <Filter>Sources</Filter>
    </ClCompile>
    <ClCompile Include="..\..\src\systemoc\cpp\TraceLog.cpp">
      <Filter>Sources</Filter>
    </ClCompile>
    <ClCompile Include="..\..\src\systemoc\cpp\VpcInterface.cpp">
      <Filter>Sources</Filter>
    </ClCompile>
  </ItemGroup>
  <ItemGroup>
    <ClInclude Include="..\..\src\systemoc\headers\smoc.hpp">
      <Filter>Headers</Filter>
    </ClInclude>
    <ClInclude Include="..\..\src\systemoc\headers\smoc\smoc_event.hpp">
      <Filter>Headers</Filter>
    </ClInclude>
    <ClInclude Include="..\..\src\systemoc\headers\smoc\smoc_expr.hpp">
      <Filter>Headers</Filter>
    </ClInclude>
    <ClInclude Include="..\..\src\systemoc\headers\smoc\smoc_graph.hpp">
      <Filter>Headers</Filter>
    </ClInclude>
    <ClInclude Include="..\..\src\systemoc\headers\smoc\smoc_hooking.hpp">
      <Filter>Headers</Filter>
    </ClInclude>
    <ClInclude Include="..\..\src\systemoc\headers\smoc\smoc_scheduler_top.hpp">
      <Filter>Headers</Filter>
    </ClInclude>
    <ClInclude Include="..\..\src\systemoc\headers\smoc\detail\ConnectProvider.hpp">
      <Filter>Headers</Filter>
    </ClInclude>
    <ClInclude Include="..\..\src\systemoc\headers\smoc\detail\DebugOStream.hpp">
      <Filter>Headers</Filter>
    </ClInclude>
    <ClInclude Include="..\..\src\systemoc\headers\smoc\detail\DIIQueue.hpp">
      <Filter>Headers</Filter>
    </ClInclude>
    <ClInclude Include="..\..\src\systemoc\headers\smoc\detail\DumpingInterfaces.hpp">
      <Filter>Headers</Filter>
    </ClInclude>
    <ClInclude Include="..\..\src\systemoc\headers\smoc\detail\EventMapManager.hpp">
      <Filter>Headers</Filter>
    </ClInclude>
    <ClInclude Include="..\..\src\systemoc\headers\smoc\detail\EventQueue.hpp">
      <Filter>Headers</Filter>
    </ClInclude>
    <ClInclude Include="..\..\src\systemoc\headers\smoc\detail\export_config.h">
      <Filter>Headers</Filter>
    </ClInclude>
    <ClInclude Include="..\..\src\systemoc\headers\smoc\detail\GraphBase.hpp">
      <Filter>Headers</Filter>
    </ClInclude>
    <ClInclude Include="..\..\src\systemoc\headers\smoc\detail\IdedObj.hpp">
      <Filter>Headers</Filter>
    </ClInclude>
    <ClInclude Include="..\..\src\systemoc\headers\smoc\detail\IdPool.hpp">
      <Filter>Headers</Filter>
    </ClInclude>
    <ClInclude Include="..\..\src\systemoc\headers\smoc\detail\IdTAllocRequest.hpp">
      <Filter>Headers</Filter>
    </ClInclude>
    <ClInclude Include="..\..\src\systemoc\headers\smoc\detail\IOPattern.hpp">
      <Filter>Headers</Filter>
    </ClInclude>
    <ClInclude Include="..\..\src\systemoc\headers\smoc\detail\LatencyQueue.hpp">
      <Filter>Headers</Filter>
    </ClInclude>
    <ClInclude Include="..\..\src\systemoc\headers\smoc\detail\NamedIdedObj.hpp">
      <Filter>Headers</Filter>
    </ClInclude>
    <ClInclude Include="..\..\src\systemoc\headers\smoc\detail\PortBaseIf.hpp">
      <Filter>Headers</Filter>
    </ClInclude>
    <ClInclude Include="..\..\src\systemoc\headers\smoc\detail\PortIOBaseIf.hpp">
      <Filter>Headers</Filter>
    </ClInclude>
    <ClInclude Include="..\..\src\systemoc\headers\smoc\detail\QueueFRVWPtr.hpp">
      <Filter>Headers</Filter>
    </ClInclude>
    <ClInclude Include="..\..\src\systemoc\headers\smoc\detail\QueueRVWPtr.hpp">
      <Filter>Headers</Filter>
    </ClInclude>
    <ClInclude Include="..\..\src\systemoc\headers\smoc\detail\QueueRWPtr.hpp">
      <Filter>Headers</Filter>
    </ClInclude>
    <ClInclude Include="..\..\src\systemoc\headers\smoc\detail\QueueWithStorage.hpp">
      <Filter>Headers</Filter>
    </ClInclude>
    <ClInclude Include="..\..\src\systemoc\headers\smoc\detail\SimCTXBase.hpp">
      <Filter>Headers</Filter>
    </ClInclude>
    <ClInclude Include="..\..\src\systemoc\headers\smoc\detail\SimulationContext.hpp">
      <Filter>Headers</Filter>
    </ClInclude>
    <ClInclude Include="..\..\src\systemoc\headers\smoc\detail\Storage.hpp">
      <Filter>Headers</Filter>
    </ClInclude>
    <ClInclude Include="..\..\src\systemoc\headers\smoc\detail\TraceLog.hpp">
      <Filter>Headers</Filter>
    </ClInclude>
    <ClInclude Include="..\..\src\systemoc\headers\smoc\detail\TransitionHook.hpp">
      <Filter>Headers</Filter>
    </ClInclude>
    <ClInclude Include="..\..\src\systemoc\headers\smoc\detail\VpcInterface.hpp">
      <Filter>Headers</Filter>
    </ClInclude>
    <ClInclude Include="..\..\src\systemoc\headers\systemoc\smoc_actor.hpp">
      <Filter>Headers</Filter>
    </ClInclude>
    <ClInclude Include="..\..\src\systemoc\headers\systemoc\smoc_chan_adapter.hpp">
      <Filter>Headers</Filter>
    </ClInclude>
    <ClInclude Include="..\..\src\systemoc\headers\systemoc\smoc_elab_and_sim.hpp">
      <Filter>Headers</Filter>
    </ClInclude>
    <ClInclude Include="..\..\src\systemoc\headers\systemoc\smoc_event.hpp">
      <Filter>Headers</Filter>
    </ClInclude>
    <ClInclude Include="..\..\src\systemoc\headers\systemoc\smoc_expr.hpp">
      <Filter>Headers</Filter>
    </ClInclude>
    <ClInclude Include="..\..\src\systemoc\headers\systemoc\smoc_fifo.hpp">
      <Filter>Headers</Filter>
    </ClInclude>
    <ClInclude Include="..\..\src\systemoc\headers\systemoc\smoc_firing_rules.hpp">
      <Filter>Headers</Filter>
    </ClInclude>
    <ClInclude Include="..\..\src\systemoc\headers\systemoc\smoc_graph.hpp">
      <Filter>Headers</Filter>
    </ClInclude>
    <ClInclude Include="..\..\src\systemoc\headers\systemoc\smoc_graph_tt.hpp">
      <Filter>Headers</Filter>
    </ClInclude>
    <ClInclude Include="..\..\src\systemoc\headers\systemoc\smoc_graph_type.hpp">
      <Filter>Headers</Filter>
    </ClInclude>
    <ClInclude Include="..\..\src\systemoc\headers\systemoc\smoc_moc.hpp">
      <Filter>Headers</Filter>
    </ClInclude>
    <ClInclude Include="..\..\src\systemoc\headers\systemoc\smoc_multicast_sr_signal.hpp">
      <Filter>Headers</Filter>
    </ClInclude>
    <ClInclude Include="..\..\src\systemoc\headers\systemoc\smoc_multiplex_fifo.hpp">
      <Filter>Headers</Filter>
    </ClInclude>
    <ClInclude Include="..\..\src\systemoc\headers\systemoc\smoc_multireader_fifo.hpp">
      <Filter>Headers</Filter>
    </ClInclude>
    <ClInclude Include="..\..\src\systemoc\headers\systemoc\smoc_node_types.hpp">
      <Filter>Headers</Filter>
    </ClInclude>
    <ClInclude Include="..\..\src\systemoc\headers\systemoc\smoc_periodic_actor.hpp">
      <Filter>Headers</Filter>
    </ClInclude>
    <ClInclude Include="..\..\src\systemoc\headers\systemoc\smoc_port.hpp">
      <Filter>Headers</Filter>
    </ClInclude>
    <ClInclude Include="..\..\src\systemoc\headers\systemoc\smoc_register.hpp">
      <Filter>Headers</Filter>
    </ClInclude>
    <ClInclude Include="..\..\src\systemoc\headers\systemoc\smoc_reset.hpp">
      <Filter>Headers</Filter>
    </ClInclude>
    <ClInclude Include="..\..\src\systemoc\headers\systemoc\smoc_scheduler_top.hpp">
      <Filter>Headers</Filter>
    </ClInclude>
    <ClInclude Include="..\..\src\systemoc\headers\systemoc\smoc_sr_signal.hpp">
      <Filter>Headers</Filter>
    </ClInclude>
    <ClInclude Include="..\..\src\systemoc\headers\systemoc\smoc_tt.hpp">
      <Filter>Headers</Filter>
    </ClInclude>
    <ClInclude Include="..\..\src\systemoc\headers\systemoc\detail\smoc_chan_if.hpp">
      <Filter>Headers</Filter>
    </ClInclude>
    <ClInclude Include="..\..\src\systemoc\headers\systemoc\detail\smoc_fifo_storage.hpp">
      <Filter>Headers</Filter>
    </ClInclude>
    <ClInclude Include="..\..\src\systemoc\headers\systemoc\detail\smoc_firing_rules_impl.hpp">
      <Filter>Headers</Filter>
    </ClInclude>
    <ClInclude Include="..\..\src\systemoc\headers\systemoc\detail\smoc_func_call.hpp">
      <Filter>Headers</Filter>
    </ClInclude>
    <ClInclude Include="..\..\src\systemoc\headers\systemoc\detail\smoc_port_registry.hpp">
      <Filter>Headers</Filter>
    </ClInclude>
    <ClInclude Include="..\..\src\systemoc\headers\systemoc\detail\smoc_ring_access.hpp">
      <Filter>Headers</Filter>
    </ClInclude>
    <ClInclude Include="..\..\src\systemoc\headers\systemoc\detail\smoc_root_chan.hpp">
      <Filter>Headers</Filter>
    </ClInclude>
    <ClInclude Include="..\..\src\systemoc\headers\systemoc\detail\smoc_root_node.hpp">
      <Filter>Headers</Filter>
    </ClInclude>
    <ClInclude Include="..\..\src\systemoc\headers\systemoc\detail\smoc_sysc_port.hpp">
      <Filter>Headers</Filter>
    </ClInclude>
  </ItemGroup>
  <ItemGroup>
    <None Include="..\..\src\systemoc\headers\systemoc\smoc_config.h.in">
      <Filter>Headers</Filter>
    </None>
  </ItemGroup>
</Project>