<?xml version="1.0" encoding="utf-8"?>
<Project ToolsVersion="4.0" xmlns="http://schemas.microsoft.com/developer/msbuild/2003">
  <ItemGroup>
    <ClCompile Include="..\..\smoc-core\IdPool.cpp" />
    <ClCompile Include="..\..\smoc-core\IOPattern.cpp" />
    <ClCompile Include="..\..\smoc-core\smoc_actor.cpp" />
    <ClCompile Include="..\..\smoc-core\smoc_chan_if.cpp" />
    <ClCompile Include="..\..\smoc-core\smoc_debug_stream.cpp" />
    <ClCompile Include="..\..\smoc-core\smoc_elab_and_sim.cpp" />
    <ClCompile Include="..\..\smoc-core\smoc_expr.cpp" />
    <ClCompile Include="..\..\smoc-core\smoc_fifo.cpp" />
    <ClCompile Include="..\..\smoc-core\smoc_firing_rules.cpp" />
    <ClCompile Include="..\..\smoc-core\smoc_func_call.cpp" />
    <ClCompile Include="..\..\smoc-core\smoc_graph_synth.cpp" />
    <ClCompile Include="..\..\smoc-core\smoc_graph_tt.cpp" />
    <ClCompile Include="..\..\smoc-core\smoc_graph_type.cpp" />
    <ClCompile Include="..\..\smoc-core\smoc_hooking.cpp" />
    <ClCompile Include="..\..\smoc-core\smoc_latency_queues.cpp" />
    <ClCompile Include="..\..\smoc-core\smoc_main.cpp" />
    <ClCompile Include="..\..\smoc-core\smoc_moc.cpp" />
    <ClCompile Include="..\..\smoc-core\smoc_multicast_sr_signal.cpp" />
    <ClCompile Include="..\..\smoc-core\smoc_multiplex_fifo.cpp" />
    <ClCompile Include="..\..\smoc-core\smoc_multireader_fifo.cpp" />
    <ClCompile Include="..\..\smoc-core\smoc_reset.cpp" />
    <ClCompile Include="..\..\smoc-core\smoc_root_chan.cpp" />
    <ClCompile Include="..\..\smoc-core\smoc_root_node.cpp" />
    <ClCompile Include="..\..\smoc-core\smoc_simulation_ctx.cpp" />
    <ClCompile Include="..\..\smoc-core\smoc_sysc_port.cpp" />
    <ClCompile Include="..\..\smoc-core\SMXDumper.cpp" />
    <ClCompile Include="..\..\smoc-core\TraceLog.cpp" />
    <ClCompile Include="..\..\smoc-core\VpcInterface.cpp" />
  </ItemGroup>
  <ItemGroup>
    <Filter Include="Headers">
      <UniqueIdentifier>{b2002503-a76c-42e3-88d0-b7a91638f543}</UniqueIdentifier>
    </Filter>
  </ItemGroup>
  <ItemGroup>
    <ClInclude Include="..\..\pkginclude\systemoc\smoc_actor.hpp">
      <Filter>Headers</Filter>
    </ClInclude>
    <ClInclude Include="..\..\pkginclude\systemoc\smoc_graph_type.hpp">
      <Filter>Headers</Filter>
    </ClInclude>
    <ClInclude Include="..\config-wo-vpc\systemoc\smoc_config.h">
      <Filter>Headers</Filter>
    </ClInclude>
    <ClInclude Include="..\..\pkginclude\systemoc\detail\smoc_root_node.hpp">
      <Filter>Headers</Filter>
    </ClInclude>
    <ClInclude Include="..\..\pkginclude\systemoc\detail\ConnectProvider.hpp">
      <Filter>Headers</Filter>
    </ClInclude>
    <ClInclude Include="..\..\pkginclude\systemoc\detail\EventMapManager.hpp">
      <Filter>Headers</Filter>
    </ClInclude>
    <ClInclude Include="..\..\pkginclude\systemoc\detail\QueueFRVWPtr.hpp">
      <Filter>Headers</Filter>
    </ClInclude>
    <ClInclude Include="..\..\pkginclude\systemoc\detail\QueueRVWPtr.hpp">
      <Filter>Headers</Filter>
    </ClInclude>
    <ClInclude Include="..\..\pkginclude\systemoc\detail\QueueRWPtr.hpp">
      <Filter>Headers</Filter>
    </ClInclude>
    <ClInclude Include="..\..\pkginclude\systemoc\detail\smoc_chan_if.hpp">
      <Filter>Headers</Filter>
    </ClInclude>
    <ClInclude Include="..\..\pkginclude\systemoc\detail\smoc_debug_stream.hpp">
      <Filter>Headers</Filter>
    </ClInclude>
    <ClInclude Include="..\..\pkginclude\systemoc\detail\smoc_event_decls.hpp">
      <Filter>Headers</Filter>
    </ClInclude>
    <ClInclude Include="..\..\pkginclude\systemoc\detail\smoc_fifo_storage.hpp">
      <Filter>Headers</Filter>
    </ClInclude>
    <ClInclude Include="..\..\pkginclude\systemoc\detail\smoc_firing_rules_impl.hpp">
      <Filter>Headers</Filter>
    </ClInclude>
    <ClInclude Include="..\..\pkginclude\systemoc\detail\smoc_latency_queues.hpp">
      <Filter>Headers</Filter>
    </ClInclude>
    <ClInclude Include="..\..\pkginclude\systemoc\detail\smoc_port_registry.hpp">
      <Filter>Headers</Filter>
    </ClInclude>
    <ClInclude Include="..\..\pkginclude\systemoc\detail\smoc_ring_access.hpp">
      <Filter>Headers</Filter>
    </ClInclude>
    <ClInclude Include="..\..\pkginclude\systemoc\detail\smoc_root_chan.hpp">
      <Filter>Headers</Filter>
    </ClInclude>
    <ClInclude Include="..\..\pkginclude\systemoc\detail\smoc_storage.hpp">
      <Filter>Headers</Filter>
    </ClInclude>
    <ClInclude Include="..\..\pkginclude\systemoc\detail\smoc_sysc_port.hpp">
      <Filter>Headers</Filter>
    </ClInclude>
    <ClInclude Include="..\..\pkginclude\systemoc\smoc_chan_adapter.hpp">
      <Filter>Headers</Filter>
    </ClInclude>
    <ClInclude Include="..\..\pkginclude\systemoc\smoc_elab_and_sim.hpp">
      <Filter>Headers</Filter>
    </ClInclude>
    <ClInclude Include="..\..\pkginclude\systemoc\smoc_event.hpp">
      <Filter>Headers</Filter>
    </ClInclude>
    <ClInclude Include="..\..\pkginclude\systemoc\smoc_expr.hpp">
      <Filter>Headers</Filter>
    </ClInclude>
    <ClInclude Include="..\..\pkginclude\systemoc\smoc_fifo.hpp">
      <Filter>Headers</Filter>
    </ClInclude>
    <ClInclude Include="..\..\pkginclude\systemoc\smoc_firing_rules.hpp">
      <Filter>Headers</Filter>
    </ClInclude>
    <ClInclude Include="..\..\pkginclude\systemoc\smoc_func_call.hpp">
      <Filter>Headers</Filter>
    </ClInclude>
    <ClInclude Include="..\..\pkginclude\systemoc\smoc_graph_tt.hpp">
      <Filter>Headers</Filter>
    </ClInclude>
    <ClInclude Include="..\..\pkginclude\systemoc\smoc_guard.hpp">
      <Filter>Headers</Filter>
    </ClInclude>
    <ClInclude Include="..\..\pkginclude\systemoc\smoc_moc.hpp">
      <Filter>Headers</Filter>
    </ClInclude>
    <ClInclude Include="..\..\pkginclude\systemoc\smoc_module_name.hpp">
      <Filter>Headers</Filter>
    </ClInclude>
    <ClInclude Include="..\..\pkginclude\systemoc\smoc_multicast_sr_signal.hpp">
      <Filter>Headers</Filter>
    </ClInclude>
    <ClInclude Include="..\..\pkginclude\systemoc\smoc_multiplex_fifo.hpp">
      <Filter>Headers</Filter>
    </ClInclude>
    <ClInclude Include="..\..\pkginclude\systemoc\smoc_multireader_fifo.hpp">
      <Filter>Headers</Filter>
    </ClInclude>
    <ClInclude Include="..\..\pkginclude\systemoc\smoc_node_types.hpp">
      <Filter>Headers</Filter>
    </ClInclude>
    <ClInclude Include="..\..\pkginclude\systemoc\smoc_periodic_actor.hpp">
      <Filter>Headers</Filter>
    </ClInclude>
    <ClInclude Include="..\..\pkginclude\systemoc\smoc_pggen.hpp">
      <Filter>Headers</Filter>
    </ClInclude>
    <ClInclude Include="..\..\pkginclude\systemoc\smoc_port.hpp">
      <Filter>Headers</Filter>
    </ClInclude>
    <ClInclude Include="..\..\pkginclude\systemoc\smoc_register.hpp">
      <Filter>Headers</Filter>
    </ClInclude>
    <ClInclude Include="..\..\pkginclude\systemoc\smoc_reset.hpp">
      <Filter>Headers</Filter>
    </ClInclude>
    <ClInclude Include="..\..\pkginclude\systemoc\smoc_sr_signal.hpp">
      <Filter>Headers</Filter>
    </ClInclude>
    <ClInclude Include="..\..\pkginclude\systemoc\smoc_tt.hpp">
      <Filter>Headers</Filter>
    </ClInclude>
    <ClInclude Include="..\..\pkginclude\smoc\smoc_hooking.hpp">
      <Filter>Headers</Filter>
    </ClInclude>
    <ClInclude Include="..\..\pkginclude\smoc\smoc_simulation_ctx.hpp">
      <Filter>Headers</Filter>
    </ClInclude>
    <ClInclude Include="..\..\pkginclude\smoc\detail\DumpingInterfaces.hpp">
      <Filter>Headers</Filter>
    </ClInclude>
    <ClInclude Include="..\..\pkginclude\smoc\detail\IdedObj.hpp">
      <Filter>Headers</Filter>
    </ClInclude>
    <ClInclude Include="..\..\pkginclude\smoc\detail\IdPool.hpp">
      <Filter>Headers</Filter>
    </ClInclude>
    <ClInclude Include="..\..\pkginclude\smoc\detail\IdTAllocRequest.hpp">
      <Filter>Headers</Filter>
    </ClInclude>
    <ClInclude Include="..\..\pkginclude\smoc\detail\IOPattern.hpp">
      <Filter>Headers</Filter>
    </ClInclude>
    <ClInclude Include="..\..\pkginclude\smoc\detail\NamedIdedObj.hpp">
      <Filter>Headers</Filter>
    </ClInclude>
    <ClInclude Include="..\..\pkginclude\smoc\detail\TraceLog.hpp">
      <Filter>Headers</Filter>
    </ClInclude>
    <ClInclude Include="..\..\pkginclude\smoc\detail\VpcInterface.hpp">
      <Filter>Headers</Filter>
    </ClInclude>
    <ClInclude Include="..\..\pkginclude\smoc.hpp">
      <Filter>Headers</Filter>
    </ClInclude>
    <ClInclude Include="..\..\smoc-core\apply_visitor.hpp">
      <Filter>Headers</Filter>
    </ClInclude>
    <ClInclude Include="..\..\smoc-core\smoc_graph_synth.hpp">
      <Filter>Headers</Filter>
    </ClInclude>
    <ClInclude Include="..\..\smoc-core\SMXDumper.hpp">
      <Filter>Headers</Filter>
    </ClInclude>
  </ItemGroup>
</Project>